// !$*UTF8*$!
{
	archiveVersion = 1;
	classes = {
	};
	objectVersion = 50;
	objects = {

/* Begin PBXBuildFile section */
		C960D5E0235DE23600E4CCDE /* GoogleService-Info.plist in Resources */ = {isa = PBXBuildFile; fileRef = C960D5DF235DE23600E4CCDE /* GoogleService-Info.plist */; };
		C9D661822359402F00C18A5B /* AppDelegate.swift in Sources */ = {isa = PBXBuildFile; fileRef = C9D661812359402F00C18A5B /* AppDelegate.swift */; };
		C9D661842359402F00C18A5B /* SceneDelegate.swift in Sources */ = {isa = PBXBuildFile; fileRef = C9D661832359402F00C18A5B /* SceneDelegate.swift */; };
		C9D661862359402F00C18A5B /* LoginViewController.swift in Sources */ = {isa = PBXBuildFile; fileRef = C9D661852359402F00C18A5B /* LoginViewController.swift */; };
		C9D661892359402F00C18A5B /* Main.storyboard in Resources */ = {isa = PBXBuildFile; fileRef = C9D661872359402F00C18A5B /* Main.storyboard */; };
		C9D6618B2359403000C18A5B /* Assets.xcassets in Resources */ = {isa = PBXBuildFile; fileRef = C9D6618A2359403000C18A5B /* Assets.xcassets */; };
		C9D6618E2359403000C18A5B /* LaunchScreen.storyboard in Resources */ = {isa = PBXBuildFile; fileRef = C9D6618C2359403000C18A5B /* LaunchScreen.storyboard */; };
		C9D6619623594AD700C18A5B /* TasksViewController.swift in Sources */ = {isa = PBXBuildFile; fileRef = C9D6619523594AD700C18A5B /* TasksViewController.swift */; };
		D8A91717FF6A9BF8F535CD66 /* Pods_ToDoFire.framework in Frameworks */ = {isa = PBXBuildFile; fileRef = 12E1F6311E62198BB3469059 /* Pods_ToDoFire.framework */; };
/* End PBXBuildFile section */

/* Begin PBXFileReference section */
		12E1F6311E62198BB3469059 /* Pods_ToDoFire.framework */ = {isa = PBXFileReference; explicitFileType = wrapper.framework; includeInIndex = 0; path = Pods_ToDoFire.framework; sourceTree = BUILT_PRODUCTS_DIR; };
		59981F11768730CC78FBD93E /* Pods-ToDoFire.release.xcconfig */ = {isa = PBXFileReference; includeInIndex = 1; lastKnownFileType = text.xcconfig; name = "Pods-ToDoFire.release.xcconfig"; path = "Target Support Files/Pods-ToDoFire/Pods-ToDoFire.release.xcconfig"; sourceTree = "<group>"; };
		C960D5DF235DE23600E4CCDE /* GoogleService-Info.plist */ = {isa = PBXFileReference; fileEncoding = 4; lastKnownFileType = text.plist.xml; path = "GoogleService-Info.plist"; sourceTree = "<group>"; };
		C9D6617E2359402F00C18A5B /* ToDoFire.app */ = {isa = PBXFileReference; explicitFileType = wrapper.application; includeInIndex = 0; path = ToDoFire.app; sourceTree = BUILT_PRODUCTS_DIR; };
		C9D661812359402F00C18A5B /* AppDelegate.swift */ = {isa = PBXFileReference; lastKnownFileType = sourcecode.swift; path = AppDelegate.swift; sourceTree = "<group>"; };
		C9D661832359402F00C18A5B /* SceneDelegate.swift */ = {isa = PBXFileReference; lastKnownFileType = sourcecode.swift; path = SceneDelegate.swift; sourceTree = "<group>"; };
		C9D661852359402F00C18A5B /* LoginViewController.swift */ = {isa = PBXFileReference; lastKnownFileType = sourcecode.swift; path = LoginViewController.swift; sourceTree = "<group>"; };
		C9D661882359402F00C18A5B /* Base */ = {isa = PBXFileReference; lastKnownFileType = file.storyboard; name = Base; path = Base.lproj/Main.storyboard; sourceTree = "<group>"; };
		C9D6618A2359403000C18A5B /* Assets.xcassets */ = {isa = PBXFileReference; lastKnownFileType = folder.assetcatalog; path = Assets.xcassets; sourceTree = "<group>"; };
		C9D6618D2359403000C18A5B /* Base */ = {isa = PBXFileReference; lastKnownFileType = file.storyboard; name = Base; path = Base.lproj/LaunchScreen.storyboard; sourceTree = "<group>"; };
		C9D6618F2359403000C18A5B /* Info.plist */ = {isa = PBXFileReference; lastKnownFileType = text.plist.xml; path = Info.plist; sourceTree = "<group>"; };
		C9D6619523594AD700C18A5B /* TasksViewController.swift */ = {isa = PBXFileReference; lastKnownFileType = sourcecode.swift; path = TasksViewController.swift; sourceTree = "<group>"; };
		D3C758CFFA73A85C5AADBB14 /* Pods-ToDoFire.debug.xcconfig */ = {isa = PBXFileReference; includeInIndex = 1; lastKnownFileType = text.xcconfig; name = "Pods-ToDoFire.debug.xcconfig"; path = "Target Support Files/Pods-ToDoFire/Pods-ToDoFire.debug.xcconfig"; sourceTree = "<group>"; };
/* End PBXFileReference section */

/* Begin PBXFrameworksBuildPhase section */
		C9D6617B2359402F00C18A5B /* Frameworks */ = {
			isa = PBXFrameworksBuildPhase;
			buildActionMask = 2147483647;
			files = (
				D8A91717FF6A9BF8F535CD66 /* Pods_ToDoFire.framework in Frameworks */,
			);
			runOnlyForDeploymentPostprocessing = 0;
		};
/* End PBXFrameworksBuildPhase section */

/* Begin PBXGroup section */
		18D7BDD9DDB1AA970A7A58DD /* Pods */ = {
			isa = PBXGroup;
			children = (
				D3C758CFFA73A85C5AADBB14 /* Pods-ToDoFire.debug.xcconfig */,
				59981F11768730CC78FBD93E /* Pods-ToDoFire.release.xcconfig */,
			);
			name = Pods;
			path = Pods;
			sourceTree = "<group>";
		};
		5BC43F813C31C5648070341D /* Frameworks */ = {
			isa = PBXGroup;
			children = (
				12E1F6311E62198BB3469059 /* Pods_ToDoFire.framework */,
			);
			name = Frameworks;
			sourceTree = "<group>";
		};
		C9D661752359402F00C18A5B = {
			isa = PBXGroup;
			children = (
				C9D661802359402F00C18A5B /* ToDoFire */,
				C9D6617F2359402F00C18A5B /* Products */,
				18D7BDD9DDB1AA970A7A58DD /* Pods */,
				5BC43F813C31C5648070341D /* Frameworks */,
			);
			sourceTree = "<group>";
		};
		C9D6617F2359402F00C18A5B /* Products */ = {
			isa = PBXGroup;
			children = (
				C9D6617E2359402F00C18A5B /* ToDoFire.app */,
			);
			name = Products;
			sourceTree = "<group>";
		};
		C9D661802359402F00C18A5B /* ToDoFire */ = {
			isa = PBXGroup;
			children = (
				C9D6618F2359403000C18A5B /* Info.plist */,
				C960D5DF235DE23600E4CCDE /* GoogleService-Info.plist */,
				C9D6619823594B2500C18A5B /* Controllers */,
				C9D6619723594B0F00C18A5B /* SupportingFiles */,
			);
			path = ToDoFire;
			sourceTree = "<group>";
		};
		C9D6619723594B0F00C18A5B /* SupportingFiles */ = {
			isa = PBXGroup;
			children = (
				C9D661812359402F00C18A5B /* AppDelegate.swift */,
				C9D661832359402F00C18A5B /* SceneDelegate.swift */,
				C9D661872359402F00C18A5B /* Main.storyboard */,
				C9D6618A2359403000C18A5B /* Assets.xcassets */,
				C9D6618C2359403000C18A5B /* LaunchScreen.storyboard */,
			);
			path = SupportingFiles;
			sourceTree = "<group>";
		};
		C9D6619823594B2500C18A5B /* Controllers */ = {
			isa = PBXGroup;
			children = (
				C9D661852359402F00C18A5B /* LoginViewController.swift */,
				C9D6619523594AD700C18A5B /* TasksViewController.swift */,
			);
			path = Controllers;
			sourceTree = "<group>";
		};
/* End PBXGroup section */

/* Begin PBXNativeTarget section */
		C9D6617D2359402F00C18A5B /* ToDoFire */ = {
			isa = PBXNativeTarget;
			buildConfigurationList = C9D661922359403000C18A5B /* Build configuration list for PBXNativeTarget "ToDoFire" */;
			buildPhases = (
				1C9767DE94B2AB6BAD3FDB95 /* [CP] Check Pods Manifest.lock */,
				C9D6617A2359402F00C18A5B /* Sources */,
				C9D6617B2359402F00C18A5B /* Frameworks */,
				C9D6617C2359402F00C18A5B /* Resources */,
				8BB158598FDCB04CEB46DB5A /* [CP] Embed Pods Frameworks */,
			);
			buildRules = (
			);
			dependencies = (
			);
			name = ToDoFire;
			productName = ToDoFire;
			productReference = C9D6617E2359402F00C18A5B /* ToDoFire.app */;
			productType = "com.apple.product-type.application";
		};
/* End PBXNativeTarget section */

/* Begin PBXProject section */
		C9D661762359402F00C18A5B /* Project object */ = {
			isa = PBXProject;
			attributes = {
				LastSwiftUpdateCheck = 1110;
				LastUpgradeCheck = 1110;
				ORGANIZATIONNAME = "Dmitrii Azarov";
				TargetAttributes = {
					C9D6617D2359402F00C18A5B = {
						CreatedOnToolsVersion = 11.1;
					};
				};
			};
			buildConfigurationList = C9D661792359402F00C18A5B /* Build configuration list for PBXProject "ToDoFire" */;
			compatibilityVersion = "Xcode 9.3";
			developmentRegion = en;
			hasScannedForEncodings = 0;
			knownRegions = (
				en,
				Base,
			);
			mainGroup = C9D661752359402F00C18A5B;
			productRefGroup = C9D6617F2359402F00C18A5B /* Products */;
			projectDirPath = "";
			projectRoot = "";
			targets = (
				C9D6617D2359402F00C18A5B /* ToDoFire */,
			);
		};
/* End PBXProject section */

/* Begin PBXResourcesBuildPhase section */
		C9D6617C2359402F00C18A5B /* Resources */ = {
			isa = PBXResourcesBuildPhase;
			buildActionMask = 2147483647;
			files = (
				C9D6618E2359403000C18A5B /* LaunchScreen.storyboard in Resources */,
				C960D5E0235DE23600E4CCDE /* GoogleService-Info.plist in Resources */,
				C9D6618B2359403000C18A5B /* Assets.xcassets in Resources */,
				C9D661892359402F00C18A5B /* Main.storyboard in Resources */,
			);
			runOnlyForDeploymentPostprocessing = 0;
		};
/* End PBXResourcesBuildPhase section */

/* Begin PBXShellScriptBuildPhase section */
		1C9767DE94B2AB6BAD3FDB95 /* [CP] Check Pods Manifest.lock */ = {
			isa = PBXShellScriptBuildPhase;
			buildActionMask = 2147483647;
			files = (
			);
			inputFileListPaths = (
			);
			inputPaths = (
				"${PODS_PODFILE_DIR_PATH}/Podfile.lock",
				"${PODS_ROOT}/Manifest.lock",
			);
			name = "[CP] Check Pods Manifest.lock";
			outputFileListPaths = (
			);
			outputPaths = (
				"$(DERIVED_FILE_DIR)/Pods-ToDoFire-checkManifestLockResult.txt",
			);
			runOnlyForDeploymentPostprocessing = 0;
			shellPath = /bin/sh;
			shellScript = "diff \"${PODS_PODFILE_DIR_PATH}/Podfile.lock\" \"${PODS_ROOT}/Manifest.lock\" > /dev/null\nif [ $? != 0 ] ; then\n    # print error to STDERR\n    echo \"error: The sandbox is not in sync with the Podfile.lock. Run 'pod install' or update your CocoaPods installation.\" >&2\n    exit 1\nfi\n# This output is used by Xcode 'outputs' to avoid re-running this script phase.\necho \"SUCCESS\" > \"${SCRIPT_OUTPUT_FILE_0}\"\n";
			showEnvVarsInLog = 0;
		};
		8BB158598FDCB04CEB46DB5A /* [CP] Embed Pods Frameworks */ = {
			isa = PBXShellScriptBuildPhase;
			buildActionMask = 2147483647;
			files = (
			);
			inputFileListPaths = (
				"${PODS_ROOT}/Target Support Files/Pods-ToDoFire/Pods-ToDoFire-frameworks-${CONFIGURATION}-input-files.xcfilelist",
			);
			name = "[CP] Embed Pods Frameworks";
			outputFileListPaths = (
				"${PODS_ROOT}/Target Support Files/Pods-ToDoFire/Pods-ToDoFire-frameworks-${CONFIGURATION}-output-files.xcfilelist",
			);
			runOnlyForDeploymentPostprocessing = 0;
			shellPath = /bin/sh;
			shellScript = "\"${PODS_ROOT}/Target Support Files/Pods-ToDoFire/Pods-ToDoFire-frameworks.sh\"\n";
			showEnvVarsInLog = 0;
		};
/* End PBXShellScriptBuildPhase section */

/* Begin PBXSourcesBuildPhase section */
		C9D6617A2359402F00C18A5B /* Sources */ = {
			isa = PBXSourcesBuildPhase;
			buildActionMask = 2147483647;
			files = (
				C9D661862359402F00C18A5B /* LoginViewController.swift in Sources */,
				C9D6619623594AD700C18A5B /* TasksViewController.swift in Sources */,
				C9D661822359402F00C18A5B /* AppDelegate.swift in Sources */,
				C9D661842359402F00C18A5B /* SceneDelegate.swift in Sources */,
			);
			runOnlyForDeploymentPostprocessing = 0;
		};
/* End PBXSourcesBuildPhase section */

/* Begin PBXVariantGroup section */
		C9D661872359402F00C18A5B /* Main.storyboard */ = {
			isa = PBXVariantGroup;
			children = (
				C9D661882359402F00C18A5B /* Base */,
			);
			name = Main.storyboard;
			sourceTree = "<group>";
		};
		C9D6618C2359403000C18A5B /* LaunchScreen.storyboard */ = {
			isa = PBXVariantGroup;
			children = (
				C9D6618D2359403000C18A5B /* Base */,
			);
			name = LaunchScreen.storyboard;
			sourceTree = "<group>";
		};
/* End PBXVariantGroup section */

/* Begin XCBuildConfiguration section */
		C9D661902359403000C18A5B /* Debug */ = {
			isa = XCBuildConfiguration;
			buildSettings = {
				ALWAYS_SEARCH_USER_PATHS = NO;
				CLANG_ANALYZER_NONNULL = YES;
				CLANG_ANALYZER_NUMBER_OBJECT_CONVERSION = YES_AGGRESSIVE;
				CLANG_CXX_LANGUAGE_STANDARD = "gnu++14";
				CLANG_CXX_LIBRARY = "libc++";
				CLANG_ENABLE_MODULES = YES;
				CLANG_ENABLE_OBJC_ARC = YES;
				CLANG_ENABLE_OBJC_WEAK = YES;
				CLANG_WARN_BLOCK_CAPTURE_AUTORELEASING = YES;
				CLANG_WARN_BOOL_CONVERSION = YES;
				CLANG_WARN_COMMA = YES;
				CLANG_WARN_CONSTANT_CONVERSION = YES;
				CLANG_WARN_DEPRECATED_OBJC_IMPLEMENTATIONS = YES;
				CLANG_WARN_DIRECT_OBJC_ISA_USAGE = YES_ERROR;
				CLANG_WARN_DOCUMENTATION_COMMENTS = YES;
				CLANG_WARN_EMPTY_BODY = YES;
				CLANG_WARN_ENUM_CONVERSION = YES;
				CLANG_WARN_INFINITE_RECURSION = YES;
				CLANG_WARN_INT_CONVERSION = YES;
				CLANG_WARN_NON_LITERAL_NULL_CONVERSION = YES;
				CLANG_WARN_OBJC_IMPLICIT_RETAIN_SELF = YES;
				CLANG_WARN_OBJC_LITERAL_CONVERSION = YES;
				CLANG_WARN_OBJC_ROOT_CLASS = YES_ERROR;
				CLANG_WARN_RANGE_LOOP_ANALYSIS = YES;
				CLANG_WARN_STRICT_PROTOTYPES = YES;
				CLANG_WARN_SUSPICIOUS_MOVE = YES;
				CLANG_WARN_UNGUARDED_AVAILABILITY = YES_AGGRESSIVE;
				CLANG_WARN_UNREACHABLE_CODE = YES;
				CLANG_WARN__DUPLICATE_METHOD_MATCH = YES;
				COPY_PHASE_STRIP = NO;
				DEBUG_INFORMATION_FORMAT = dwarf;
				ENABLE_STRICT_OBJC_MSGSEND = YES;
				ENABLE_TESTABILITY = YES;
				GCC_C_LANGUAGE_STANDARD = gnu11;
				GCC_DYNAMIC_NO_PIC = NO;
				GCC_NO_COMMON_BLOCKS = YES;
				GCC_OPTIMIZATION_LEVEL = 0;
				GCC_PREPROCESSOR_DEFINITIONS = (
					"DEBUG=1",
					"$(inherited)",
				);
				GCC_WARN_64_TO_32_BIT_CONVERSION = YES;
				GCC_WARN_ABOUT_RETURN_TYPE = YES_ERROR;
				GCC_WARN_UNDECLARED_SELECTOR = YES;
				GCC_WARN_UNINITIALIZED_AUTOS = YES_AGGRESSIVE;
				GCC_WARN_UNUSED_FUNCTION = YES;
				GCC_WARN_UNUSED_VARIABLE = YES;
				IPHONEOS_DEPLOYMENT_TARGET = 13.1;
				MTL_ENABLE_DEBUG_INFO = INCLUDE_SOURCE;
				MTL_FAST_MATH = YES;
				ONLY_ACTIVE_ARCH = YES;
				SDKROOT = iphoneos;
				SWIFT_ACTIVE_COMPILATION_CONDITIONS = DEBUG;
				SWIFT_OPTIMIZATION_LEVEL = "-Onone";
			};
			name = Debug;
		};
		C9D661912359403000C18A5B /* Release */ = {
			isa = XCBuildConfiguration;
			buildSettings = {
				ALWAYS_SEARCH_USER_PATHS = NO;
				CLANG_ANALYZER_NONNULL = YES;
				CLANG_ANALYZER_NUMBER_OBJECT_CONVERSION = YES_AGGRESSIVE;
				CLANG_CXX_LANGUAGE_STANDARD = "gnu++14";
				CLANG_CXX_LIBRARY = "libc++";
				CLANG_ENABLE_MODULES = YES;
				CLANG_ENABLE_OBJC_ARC = YES;
				CLANG_ENABLE_OBJC_WEAK = YES;
				CLANG_WARN_BLOCK_CAPTURE_AUTORELEASING = YES;
				CLANG_WARN_BOOL_CONVERSION = YES;
				CLANG_WARN_COMMA = YES;
				CLANG_WARN_CONSTANT_CONVERSION = YES;
				CLANG_WARN_DEPRECATED_OBJC_IMPLEMENTATIONS = YES;
				CLANG_WARN_DIRECT_OBJC_ISA_USAGE = YES_ERROR;
				CLANG_WARN_DOCUMENTATION_COMMENTS = YES;
				CLANG_WARN_EMPTY_BODY = YES;
				CLANG_WARN_ENUM_CONVERSION = YES;
				CLANG_WARN_INFINITE_RECURSION = YES;
				CLANG_WARN_INT_CONVERSION = YES;
				CLANG_WARN_NON_LITERAL_NULL_CONVERSION = YES;
				CLANG_WARN_OBJC_IMPLICIT_RETAIN_SELF = YES;
				CLANG_WARN_OBJC_LITERAL_CONVERSION = YES;
				CLANG_WARN_OBJC_ROOT_CLASS = YES_ERROR;
				CLANG_WARN_RANGE_LOOP_ANALYSIS = YES;
				CLANG_WARN_STRICT_PROTOTYPES = YES;
				CLANG_WARN_SUSPICIOUS_MOVE = YES;
				CLANG_WARN_UNGUARDED_AVAILABILITY = YES_AGGRESSIVE;
				CLANG_WARN_UNREACHABLE_CODE = YES;
				CLANG_WARN__DUPLICATE_METHOD_MATCH = YES;
				COPY_PHASE_STRIP = NO;
				DEBUG_INFORMATION_FORMAT = "dwarf-with-dsym";
				ENABLE_NS_ASSERTIONS = NO;
				ENABLE_STRICT_OBJC_MSGSEND = YES;
				GCC_C_LANGUAGE_STANDARD = gnu11;
				GCC_NO_COMMON_BLOCKS = YES;
				GCC_WARN_64_TO_32_BIT_CONVERSION = YES;
				GCC_WARN_ABOUT_RETURN_TYPE = YES_ERROR;
				GCC_WARN_UNDECLARED_SELECTOR = YES;
				GCC_WARN_UNINITIALIZED_AUTOS = YES_AGGRESSIVE;
				GCC_WARN_UNUSED_FUNCTION = YES;
				GCC_WARN_UNUSED_VARIABLE = YES;
				IPHONEOS_DEPLOYMENT_TARGET = 13.1;
				MTL_ENABLE_DEBUG_INFO = NO;
				MTL_FAST_MATH = YES;
				SDKROOT = iphoneos;
				SWIFT_COMPILATION_MODE = wholemodule;
				SWIFT_OPTIMIZATION_LEVEL = "-O";
				VALIDATE_PRODUCT = YES;
			};
			name = Release;
		};
		C9D661932359403000C18A5B /* Debug */ = {
			isa = XCBuildConfiguration;
			baseConfigurationReference = D3C758CFFA73A85C5AADBB14 /* Pods-ToDoFire.debug.xcconfig */;
			buildSettings = {
				ASSETCATALOG_COMPILER_APPICON_NAME = AppIcon;
				CODE_SIGN_STYLE = Automatic;
				DEVELOPMENT_TEAM = 7PU24M9H33;
				INFOPLIST_FILE = ToDoFire/Info.plist;
				LD_RUNPATH_SEARCH_PATHS = (
					"$(inherited)",
					"@executable_path/Frameworks",
				);
				PRODUCT_BUNDLE_IDENTIFIER = ru.AzarovDN.ToDoFire;
				PRODUCT_NAME = "$(TARGET_NAME)";
				SWIFT_VERSION = 5.0;
				TARGETED_DEVICE_FAMILY = 1;
			};
			name = Debug;
		};
		C9D661942359403000C18A5B /* Release */ = {
			isa = XCBuildConfiguration;
			baseConfigurationReference = 59981F11768730CC78FBD93E /* Pods-ToDoFire.release.xcconfig */;
			buildSettings = {
				ASSETCATALOG_COMPILER_APPICON_NAME = AppIcon;
				CODE_SIGN_STYLE = Automatic;
				DEVELOPMENT_TEAM = 7PU24M9H33;
				INFOPLIST_FILE = ToDoFire/Info.plist;
				LD_RUNPATH_SEARCH_PATHS = (
					"$(inherited)",
					"@executable_path/Frameworks",
				);
				PRODUCT_BUNDLE_IDENTIFIER = ru.AzarovDN.ToDoFire;
				PRODUCT_NAME = "$(TARGET_NAME)";
				SWIFT_VERSION = 5.0;
				TARGETED_DEVICE_FAMILY = 1;
			};
			name = Release;
		};
/* End XCBuildConfiguration section */

/* Begin XCConfigurationList section */
		C9D661792359402F00C18A5B /* Build configuration list for PBXProject "ToDoFire" */ = {
			isa = XCConfigurationList;
			buildConfigurations = (
				C9D661902359403000C18A5B /* Debug */,
				C9D661912359403000C18A5B /* Release */,
			);
			defaultConfigurationIsVisible = 0;
			defaultConfigurationName = Release;
		};
		C9D661922359403000C18A5B /* Build configuration list for PBXNativeTarget "ToDoFire" */ = {
			isa = XCConfigurationList;
			buildConfigurations = (
				C9D661932359403000C18A5B /* Debug */,
				C9D661942359403000C18A5B /* Release */,
			);
			defaultConfigurationIsVisible = 0;
			defaultConfigurationName = Release;
		};
/* End XCConfigurationList section */
	};
	rootObject = C9D661762359402F00C18A5B /* Project object */;
}
